
Microsoft Visual Studio Solution File, Format Version 12.00
# Visual Studio Version 17
VisualStudioVersion = 17.5.33502.453
MinimumVisualStudioVersion = 10.0.40219.1
Project("{FAE04EC0-301F-11D3-BF4B-00C04F79EFBC}") = "InciGest", "InciGest.csproj", "{C3919D41-D589-4382-990F-1730B76201E1}"
EndProject
Global
	GlobalSection(SolutionConfigurationPlatforms) = preSolution
		Debug|Any CPU = Debug|Any CPU
		Release|Any CPU = Release|Any CPU
	EndGlobalSection
	GlobalSection(ProjectConfigurationPlatforms) = postSolution
		{C3919D41-D589-4382-990F-1730B76201E1}.Debug|Any CPU.ActiveCfg = Debug|Any CPU
		{C3919D41-D589-4382-990F-1730B76201E1}.Debug|Any CPU.Build.0 = Debug|Any CPU
		{C3919D41-D589-4382-990F-1730B76201E1}.Release|Any CPU.ActiveCfg = Release|Any CPU
		{C3919D41-D589-4382-990F-1730B76201E1}.Release|Any CPU.Build.0 = Release|Any CPU
	EndGlobalSection
	GlobalSection(SolutionProperties) = preSolution
		HideSolutionNode = FALSE
	EndGlobalSection
	GlobalSection(ExtensibilityGlobals) = postSolution
		SolutionGuid = {82A71ADE-3704-4BF3-B097-3A7283A4C098}
	EndGlobalSection
EndGlobal
